
Microsoft Visual Studio Solution File, Format Version 12.00
# Visual Studio Version 17
VisualStudioVersion = 17.0.31903.59
MinimumVisualStudioVersion = 10.0.40219.1
Project("{9A19103F-16F7-4668-BE54-9A1E7A4F7556}") = "Ttlaixe", "Ttlaixe.csproj", "{FC0FA9AA-50EA-4AAD-A84A-5301DD1516C3}"
EndProject
Global
	GlobalSection(SolutionConfigurationPlatforms) = preSolution
		Debug|Any CPU = Debug|Any CPU
		Release|Any CPU = Release|Any CPU
	EndGlobalSection
	GlobalSection(ProjectConfigurationPlatforms) = postSolution
		{FC0FA9AA-50EA-4AAD-A84A-5301DD1516C3}.Debug|Any CPU.ActiveCfg = Debug|Any CPU
		{FC0FA9AA-50EA-4AAD-A84A-5301DD1516C3}.Debug|Any CPU.Build.0 = Debug|Any CPU
		{FC0FA9AA-50EA-4AAD-A84A-5301DD1516C3}.Release|Any CPU.ActiveCfg = Release|Any CPU
		{FC0FA9AA-50EA-4AAD-A84A-5301DD1516C3}.Release|Any CPU.Build.0 = Release|Any CPU
	EndGlobalSection
	GlobalSection(SolutionProperties) = preSolution
		HideSolutionNode = FALSE
	EndGlobalSection
	GlobalSection(ExtensibilityGlobals) = postSolution
		SolutionGuid = {A338F4AB-F243-4447-846C-A18C65387F70}
	EndGlobalSection
EndGlobal
